
Microsoft Visual Studio Solution File, Format Version 12.00
Project("{F2A71F9B-5D33-465A-A702-920D77279786}") = "Lambda_interpreter", "Lambda_interpreter\Lambda_interpreter.fsproj", "{4013DEB5-88C8-4A89-936F-F42D0BF9AC0E}"
EndProject
Global
	GlobalSection(SolutionConfigurationPlatforms) = preSolution
		Debug|Any CPU = Debug|Any CPU
		Release|Any CPU = Release|Any CPU
	EndGlobalSection
	GlobalSection(ProjectConfigurationPlatforms) = postSolution
		{4013DEB5-88C8-4A89-936F-F42D0BF9AC0E}.Debug|Any CPU.ActiveCfg = Debug|Any CPU
		{4013DEB5-88C8-4A89-936F-F42D0BF9AC0E}.Debug|Any CPU.Build.0 = Debug|Any CPU
		{4013DEB5-88C8-4A89-936F-F42D0BF9AC0E}.Release|Any CPU.ActiveCfg = Release|Any CPU
		{4013DEB5-88C8-4A89-936F-F42D0BF9AC0E}.Release|Any CPU.Build.0 = Release|Any CPU
	EndGlobalSection
EndGlobal
