
Microsoft Visual Studio Solution File, Format Version 12.00
Project("{F2A71F9B-5D33-465A-A702-920D77279786}") = "hw2.1", "hw2.1.fsproj", "{9A59D26B-EF81-4969-8F0B-04E01B3D763A}"
EndProject
Global
	GlobalSection(SolutionConfigurationPlatforms) = preSolution
		Debug|Any CPU = Debug|Any CPU
		Release|Any CPU = Release|Any CPU
	EndGlobalSection
	GlobalSection(ProjectConfigurationPlatforms) = postSolution
		{9A59D26B-EF81-4969-8F0B-04E01B3D763A}.Debug|Any CPU.ActiveCfg = Debug|Any CPU
		{9A59D26B-EF81-4969-8F0B-04E01B3D763A}.Debug|Any CPU.Build.0 = Debug|Any CPU
		{9A59D26B-EF81-4969-8F0B-04E01B3D763A}.Release|Any CPU.ActiveCfg = Release|Any CPU
		{9A59D26B-EF81-4969-8F0B-04E01B3D763A}.Release|Any CPU.Build.0 = Release|Any CPU
	EndGlobalSection
EndGlobal
